PODS:
  - battery_plus (0.0.1):
    - FlutterMacOS
  - file_selector_macos (0.0.1):
    - FlutterMacOS
  - FlutterMacOS (1.0.0)
  - network_info_plus (0.0.1):
    - FlutterMacOS
  - package_info_plus (0.0.1):
    - FlutterMacOS
  - print_bluetooth_thermal (0.0.1):
    - FlutterMacOS
  - shared_preferences_foundation (0.0.1):
    - Flutter
    - FlutterMacOS
  - sqflite_darwin (0.0.4):
    - Flutter
    - FlutterMacOS

DEPENDENCIES:
  - battery_plus (from `Flutter/ephemeral/.symlinks/plugins/battery_plus/macos`)
  - file_selector_macos (from `Flutter/ephemeral/.symlinks/plugins/file_selector_macos/macos`)
  - FlutterMacOS (from `Flutter/ephemeral`)
  - network_info_plus (from `Flutter/ephemeral/.symlinks/plugins/network_info_plus/macos`)
  - package_info_plus (from `Flutter/ephemeral/.symlinks/plugins/package_info_plus/macos`)
  - print_bluetooth_thermal (from `Flutter/ephemeral/.symlinks/plugins/print_bluetooth_thermal/macos`)
  - shared_preferences_foundation (from `Flutter/ephemeral/.symlinks/plugins/shared_preferences_foundation/darwin`)
  - sqflite_darwin (from `Flutter/ephemeral/.symlinks/plugins/sqflite_darwin/darwin`)

EXTERNAL SOURCES:
  battery_plus:
    :path: Flutter/ephemeral/.symlinks/plugins/battery_plus/macos
  file_selector_macos:
    :path: Flutter/ephemeral/.symlinks/plugins/file_selector_macos/macos
  FlutterMacOS:
    :path: Flutter/ephemeral
  network_info_plus:
    :path: Flutter/ephemeral/.symlinks/plugins/network_info_plus/macos
  package_info_plus:
    :path: Flutter/ephemeral/.symlinks/plugins/package_info_plus/macos
  print_bluetooth_thermal:
    :path: Flutter/ephemeral/.symlinks/plugins/print_bluetooth_thermal/macos
  shared_preferences_foundation:
    :path: Flutter/ephemeral/.symlinks/plugins/shared_preferences_foundation/darwin
  sqflite_darwin:
    :path: Flutter/ephemeral/.symlinks/plugins/sqflite_darwin/darwin

SPEC CHECKSUMS:
  battery_plus: f51ad29136e025b714b96f7d096f44f604615da7
  file_selector_macos: 9e9e068e90ebee155097d00e89ae91edb2374db7
  FlutterMacOS: d0db08ddef1a9af05a5ec4b724367152bb0500b1
  network_info_plus: 21d1cd6a015ccb2fdff06a1fbfa88d54b4e92f61
  package_info_plus: f0052d280d17aa382b932f399edf32507174e870
  print_bluetooth_thermal: 63f68d7b5f2f7c191369f4901b59c50ff57bd934
  shared_preferences_foundation: 7036424c3d8ec98dfe75ff1667cb0cd531ec82bb
  sqflite_darwin: 20b2a3a3b70e43edae938624ce550a3cbf66a3d0

PODFILE CHECKSUM: 54d867c82ac51cbd61b565781b9fada492027009

COCOAPODS: 1.16.2
